{
  "name": "mini_scratchpad",
  "version": "1.0.0",
  "lockfileVersion": 3,
  "requires": true,
  "packages": {
    "": {
      "name": "mini_scratchpad",
      "version": "1.0.0",
      "license": "ISC",
      "dependencies": {
        "@types/gapi": "^0.0.47",
        "@types/gapi.client.sheets": "^4.0.20201031",
        "gapi": "^0.0.3"
      },
      "devDependencies": {
        "@types/chrome": "^0.0.267",
        "typescript": "^5.4.5"
      }
    },
    "node_modules/@maxim_mazurok/gapi.client.discovery-v1": {
      "version": "0.1.20200806",
      "resolved": "https://registry.npmjs.org/@maxim_mazurok/gapi.client.discovery-v1/-/gapi.client.discovery-v1-0.1.20200806.tgz",
      "integrity": "sha512-Wl6UfmZVDdWbY3PUu8E2ULk9RPLjnMqp/iOA4tcK8Ne+U/GmlnWP/e34IaZNGArfl7iXJNOG+/3Rj9L9jQyF9Q==",
      "dependencies": {
        "@types/gapi.client": "*",
        "@types/gapi.client.discovery-v1": "*"
      }
    },
    "node_modules/@maxim_mazurok/gapi.client.sheets-v4": {
      "version": "0.0.20240430",
      "resolved": "https://registry.npmjs.org/@maxim_mazurok/gapi.client.sheets-v4/-/gapi.client.sheets-v4-0.0.20240430.tgz",
      "integrity": "sha512-4gbldr4/Opp3M6g39MYY4VxaLtBT8QFWC1YmV9coMrXUtlG4k0k5RhhUsGReJTq4EWPUk1MrpqGpx4jgTlMAWw==",
      "dependencies": {
        "@types/gapi.client": "*",
        "@types/gapi.client.discovery-v1": "*"
      }
    },
    "node_modules/@types/chrome": {
      "version": "0.0.267",
      "resolved": "https://registry.npmjs.org/@types/chrome/-/chrome-0.0.267.tgz",
      "integrity": "sha512-vnCWPpYjazSPRMNmybRH+0q4f738F+Pbbls4ZPFsPr9/4TTNJyK1OLZDpSnghnEWb4stfmIUtq/GegnlfD4sPA==",
      "dev": true,
      "dependencies": {
        "@types/filesystem": "*",
        "@types/har-format": "*"
      }
    },
    "node_modules/@types/filesystem": {
      "version": "0.0.36",
      "resolved": "https://registry.npmjs.org/@types/filesystem/-/filesystem-0.0.36.tgz",
      "integrity": "sha512-vPDXOZuannb9FZdxgHnqSwAG/jvdGM8Wq+6N4D/d80z+D4HWH+bItqsZaVRQykAn6WEVeEkLm2oQigyHtgb0RA==",
      "dev": true,
      "dependencies": {
        "@types/filewriter": "*"
      }
    },
    "node_modules/@types/filewriter": {
      "version": "0.0.33",
      "resolved": "https://registry.npmjs.org/@types/filewriter/-/filewriter-0.0.33.tgz",
      "integrity": "sha512-xFU8ZXTw4gd358lb2jw25nxY9QAgqn2+bKKjKOYfNCzN4DKCFetK7sPtrlpg66Ywe3vWY9FNxprZawAh9wfJ3g==",
      "dev": true
    },
    "node_modules/@types/gapi": {
      "version": "0.0.47",
      "resolved": "https://registry.npmjs.org/@types/gapi/-/gapi-0.0.47.tgz",
      "integrity": "sha512-/ZsLuq6BffMgbKMtZyDZ8vwQvTyKhKQ1G2K6VyWCgtHHhfSSXbk4+4JwImZiTjWNXfI2q1ZStAwFFHSkNoTkHA=="
    },
    "node_modules/@types/gapi.client": {
      "version": "1.0.8",
      "resolved": "https://registry.npmjs.org/@types/gapi.client/-/gapi.client-1.0.8.tgz",
      "integrity": "sha512-qJQUmmumbYym3Amax0S8CVzuSngcXsC1fJdwRS2zeW5lM63zXkw4wJFP+bG0jzgi0R6EsJKoHnGNVTDbOyG1ng=="
    },
    "node_modules/@types/gapi.client.discovery-v1": {
      "version": "0.0.4",
      "resolved": "https://registry.npmjs.org/@types/gapi.client.discovery-v1/-/gapi.client.discovery-v1-0.0.4.tgz",
      "integrity": "sha512-uevhRumNE65F5mf2gABLaReOmbFSXONuzFZjNR3dYv6BmkHg+wciubHrfBAsp3554zNo3Dcg6dUAlwMqQfpwjQ==",
      "dependencies": {
        "@maxim_mazurok/gapi.client.discovery-v1": "latest"
      }
    },
    "node_modules/@types/gapi.client.sheets": {
      "version": "4.0.20201031",
      "resolved": "https://registry.npmjs.org/@types/gapi.client.sheets/-/gapi.client.sheets-4.0.20201031.tgz",
      "integrity": "sha512-1Aiu11rNNoyPDHW6v8TVcSmlDN+MkxSuafwiawaK5YqZ+uYA+O63vjUvkK+3qNduSLh7D9qBJc/8GGwgN6gsTw==",
      "deprecated": "use @types/gapi.client.sheets-v4 instead; see https://github.com/Maxim-Mazurok/google-api-typings-generator/issues/652 for details",
      "dependencies": {
        "@maxim_mazurok/gapi.client.sheets-v4": "latest"
      }
    },
    "node_modules/@types/har-format": {
      "version": "1.2.15",
      "resolved": "https://registry.npmjs.org/@types/har-format/-/har-format-1.2.15.tgz",
      "integrity": "sha512-RpQH4rXLuvTXKR0zqHq3go0RVXYv/YVqv4TnPH95VbwUxZdQlK1EtcMvQvMpDngHbt13Csh9Z4qT9AbkiQH5BA==",
      "dev": true
    },
    "node_modules/coffee-script": {
      "version": "1.12.7",
      "resolved": "https://registry.npmjs.org/coffee-script/-/coffee-script-1.12.7.tgz",
      "integrity": "sha512-fLeEhqwymYat/MpTPUjSKHVYYl0ec2mOyALEMLmzr5i1isuG+6jfI2j2d5oBO3VIzgUXgBVIcOT9uH1TFxBckw==",
      "deprecated": "CoffeeScript on NPM has moved to \"coffeescript\" (no hyphen)",
      "bin": {
        "cake": "bin/cake",
        "coffee": "bin/coffee"
      },
      "engines": {
        "node": ">=0.8.0"
      }
    },
    "node_modules/gapi": {
      "version": "0.0.3",
      "resolved": "https://registry.npmjs.org/gapi/-/gapi-0.0.3.tgz",
      "integrity": "sha512-09nvJdQex78sxmMyOUnpr941fdWMJQjhFZi7vsW91zM3RYoCfkKU83UoJckn/GBEMmvYNZ4vL47eZ6lv/Bnavw==",
      "dependencies": {
        "coffee-script": "*"
      },
      "engines": {
        "node": ">= 0.4.0"
      }
    },
    "node_modules/typescript": {
      "version": "5.4.5",
      "resolved": "https://registry.npmjs.org/typescript/-/typescript-5.4.5.tgz",
      "integrity": "sha512-vcI4UpRgg81oIRUFwR0WSIHKt11nJ7SAVlYNIu+QpqeyXP+gpQJy/Z4+F0aGxSE4MqwjyXvW/TzgkLAx2AGHwQ==",
      "dev": true,
      "bin": {
        "tsc": "bin/tsc",
        "tsserver": "bin/tsserver"
      },
      "engines": {
        "node": ">=14.17"
      }
    }
  }
}
